
Microsoft Visual Studio Solution File, Format Version 12.00
# Visual Studio Version 16
VisualStudioVersion = 16.0.30717.126
MinimumVisualStudioVersion = 10.0.40219.1
Project("{9A19103F-16F7-4668-BE54-9A1E7A4F7556}") = "BingItHere", "BingItHere\BingItHere.csproj", "{CE1E2F80-1181-4CA0-8381-E730C3441011}"
EndProject
Project("{9A19103F-16F7-4668-BE54-9A1E7A4F7556}") = "CoreToolSet", "CoreTools\CoreToolSet.csproj", "{5BEA5369-0472-4C33-9A6D-F1BE22E10FC0}"
EndProject
Global
	GlobalSection(SolutionConfigurationPlatforms) = preSolution
		Debug|Any CPU = Debug|Any CPU
		Release|Any CPU = Release|Any CPU
	EndGlobalSection
	GlobalSection(ProjectConfigurationPlatforms) = postSolution
		{CE1E2F80-1181-4CA0-8381-E730C3441011}.Debug|Any CPU.ActiveCfg = Debug|Any CPU
		{CE1E2F80-1181-4CA0-8381-E730C3441011}.Debug|Any CPU.Build.0 = Debug|Any CPU
		{CE1E2F80-1181-4CA0-8381-E730C3441011}.Release|Any CPU.ActiveCfg = Release|Any CPU
		{CE1E2F80-1181-4CA0-8381-E730C3441011}.Release|Any CPU.Build.0 = Release|Any CPU
		{5BEA5369-0472-4C33-9A6D-F1BE22E10FC0}.Debug|Any CPU.ActiveCfg = Debug|Any CPU
		{5BEA5369-0472-4C33-9A6D-F1BE22E10FC0}.Debug|Any CPU.Build.0 = Debug|Any CPU
		{5BEA5369-0472-4C33-9A6D-F1BE22E10FC0}.Release|Any CPU.ActiveCfg = Release|Any CPU
		{5BEA5369-0472-4C33-9A6D-F1BE22E10FC0}.Release|Any CPU.Build.0 = Release|Any CPU
	EndGlobalSection
	GlobalSection(SolutionProperties) = preSolution
		HideSolutionNode = FALSE
	EndGlobalSection
	GlobalSection(ExtensibilityGlobals) = postSolution
		SolutionGuid = {358BBD9B-4B2E-4C4F-A705-17B56CE29809}
	EndGlobalSection
EndGlobal
